
Microsoft Visual Studio Solution File, Format Version 12.00
# Visual Studio 15
VisualStudioVersion = 15.0.28307.1000
MinimumVisualStudioVersion = 10.0.40219.1
Project("{9A19103F-16F7-4668-BE54-9A1E7A4F7556}") = "Seed.DAL", "Seed.DAL\Seed.DAL.csproj", "{09577946-691C-4438-8FAD-7565C65EB124}"
EndProject
Project("{9A19103F-16F7-4668-BE54-9A1E7A4F7556}") = "Seed.BLL", "Seed.BLL\Seed.BLL.csproj", "{79EB2C11-CC26-40DC-97C7-8F9EB89AA35F}"
EndProject
Project("{9A19103F-16F7-4668-BE54-9A1E7A4F7556}") = "Seed.Domain", "Seed.Domain\Seed.Domain.csproj", "{7EDCF63B-16C1-4765-B290-A1C2D21AC545}"
EndProject
Project("{9A19103F-16F7-4668-BE54-9A1E7A4F7556}") = "Seed.API", "Seed.API\Seed.API.csproj", "{6EE1B5EE-D333-4233-A82D-BB98AC744FD0}"
EndProject
Global
	GlobalSection(SolutionConfigurationPlatforms) = preSolution
		Debug|Any CPU = Debug|Any CPU
		Release|Any CPU = Release|Any CPU
	EndGlobalSection
	GlobalSection(ProjectConfigurationPlatforms) = postSolution
		{09577946-691C-4438-8FAD-7565C65EB124}.Debug|Any CPU.ActiveCfg = Debug|Any CPU
		{09577946-691C-4438-8FAD-7565C65EB124}.Debug|Any CPU.Build.0 = Debug|Any CPU
		{09577946-691C-4438-8FAD-7565C65EB124}.Release|Any CPU.ActiveCfg = Release|Any CPU
		{09577946-691C-4438-8FAD-7565C65EB124}.Release|Any CPU.Build.0 = Release|Any CPU
		{79EB2C11-CC26-40DC-97C7-8F9EB89AA35F}.Debug|Any CPU.ActiveCfg = Debug|Any CPU
		{79EB2C11-CC26-40DC-97C7-8F9EB89AA35F}.Debug|Any CPU.Build.0 = Debug|Any CPU
		{79EB2C11-CC26-40DC-97C7-8F9EB89AA35F}.Release|Any CPU.ActiveCfg = Release|Any CPU
		{79EB2C11-CC26-40DC-97C7-8F9EB89AA35F}.Release|Any CPU.Build.0 = Release|Any CPU
		{7EDCF63B-16C1-4765-B290-A1C2D21AC545}.Debug|Any CPU.ActiveCfg = Debug|Any CPU
		{7EDCF63B-16C1-4765-B290-A1C2D21AC545}.Debug|Any CPU.Build.0 = Debug|Any CPU
		{7EDCF63B-16C1-4765-B290-A1C2D21AC545}.Release|Any CPU.ActiveCfg = Release|Any CPU
		{7EDCF63B-16C1-4765-B290-A1C2D21AC545}.Release|Any CPU.Build.0 = Release|Any CPU
		{6EE1B5EE-D333-4233-A82D-BB98AC744FD0}.Debug|Any CPU.ActiveCfg = Debug|Any CPU
		{6EE1B5EE-D333-4233-A82D-BB98AC744FD0}.Debug|Any CPU.Build.0 = Debug|Any CPU
		{6EE1B5EE-D333-4233-A82D-BB98AC744FD0}.Release|Any CPU.ActiveCfg = Release|Any CPU
		{6EE1B5EE-D333-4233-A82D-BB98AC744FD0}.Release|Any CPU.Build.0 = Release|Any CPU
	EndGlobalSection
	GlobalSection(SolutionProperties) = preSolution
		HideSolutionNode = FALSE
	EndGlobalSection
	GlobalSection(ExtensibilityGlobals) = postSolution
		SolutionGuid = {A74229ED-0CDB-4408-B20A-F306576380A2}
	EndGlobalSection
EndGlobal
